
Microsoft Visual Studio Solution File, Format Version 12.00
# Visual Studio Version 16
VisualStudioVersion = 16.0.31624.102
MinimumVisualStudioVersion = 10.0.40219.1
Project("{FAE04EC0-301F-11D3-BF4B-00C04F79EFBC}") = "FilmesAPI", "FilmesAPI\FilmesAPI.csproj", "{007044FE-F470-4FA3-9EFA-310B18B3892B}"
EndProject
Global
	GlobalSection(SolutionConfigurationPlatforms) = preSolution
		Debug|Any CPU = Debug|Any CPU
		Release|Any CPU = Release|Any CPU
	EndGlobalSection
	GlobalSection(ProjectConfigurationPlatforms) = postSolution
		{007044FE-F470-4FA3-9EFA-310B18B3892B}.Debug|Any CPU.ActiveCfg = Debug|Any CPU
		{007044FE-F470-4FA3-9EFA-310B18B3892B}.Debug|Any CPU.Build.0 = Debug|Any CPU
		{007044FE-F470-4FA3-9EFA-310B18B3892B}.Release|Any CPU.ActiveCfg = Release|Any CPU
		{007044FE-F470-4FA3-9EFA-310B18B3892B}.Release|Any CPU.Build.0 = Release|Any CPU
	EndGlobalSection
	GlobalSection(SolutionProperties) = preSolution
		HideSolutionNode = FALSE
	EndGlobalSection
	GlobalSection(ExtensibilityGlobals) = postSolution
		SolutionGuid = {CE9811D8-25C4-4FBF-9DF0-56F8D9733685}
	EndGlobalSection
EndGlobal
